
Microsoft Visual Studio Solution File, Format Version 11.00
# Visual Studio 2010
Project("{2150E333-8FDC-42A3-9474-1A3956D46DE8}") = "Solution Items", "Solution Items", "{6F219222-A132-44ED-BD69-C1C12D3E0E4C}"
	ProjectSection(SolutionItems) = preProject
		..\scripts\build.proj = ..\scripts\build.proj
	EndProjectSection
EndProject
Project("{FAE04EC0-301F-11D3-BF4B-00C04F79EFBC}") = "Test", "Test\Test.csproj", "{D2906D6C-69A3-4A55-9D44-34DBDDCB2866}"
EndProject
Global
	GlobalSection(SolutionConfigurationPlatforms) = preSolution
		Debug|Any CPU = Debug|Any CPU
		Release|Any CPU = Release|Any CPU
	EndGlobalSection
	GlobalSection(ProjectConfigurationPlatforms) = postSolution
		{D2906D6C-69A3-4A55-9D44-34DBDDCB2866}.Debug|Any CPU.ActiveCfg = Debug|Any CPU
		{D2906D6C-69A3-4A55-9D44-34DBDDCB2866}.Debug|Any CPU.Build.0 = Debug|Any CPU
		{D2906D6C-69A3-4A55-9D44-34DBDDCB2866}.Release|Any CPU.ActiveCfg = Release|Any CPU
		{D2906D6C-69A3-4A55-9D44-34DBDDCB2866}.Release|Any CPU.Build.0 = Release|Any CPU
	EndGlobalSection
	GlobalSection(SolutionProperties) = preSolution
		HideSolutionNode = FALSE
	EndGlobalSection
EndGlobal
